
Microsoft Visual Studio Solution File, Format Version 12.00
# Visual Studio Version 16
VisualStudioVersion = 16.0.30717.126
MinimumVisualStudioVersion = 10.0.40219.1
Project("{FAE04EC0-301F-11D3-BF4B-00C04F79EFBC}") = "AiGuseeConsole", "AiGuseeConsole\AiGuseeConsole.csproj", "{A6B03A77-002E-42E7-9371-571983EA6119}"
EndProject
Global
	GlobalSection(SolutionConfigurationPlatforms) = preSolution
		Debug|Any CPU = Debug|Any CPU
		Release|Any CPU = Release|Any CPU
	EndGlobalSection
	GlobalSection(ProjectConfigurationPlatforms) = postSolution
		{A6B03A77-002E-42E7-9371-571983EA6119}.Debug|Any CPU.ActiveCfg = Debug|Any CPU
		{A6B03A77-002E-42E7-9371-571983EA6119}.Debug|Any CPU.Build.0 = Debug|Any CPU
		{A6B03A77-002E-42E7-9371-571983EA6119}.Release|Any CPU.ActiveCfg = Release|Any CPU
		{A6B03A77-002E-42E7-9371-571983EA6119}.Release|Any CPU.Build.0 = Release|Any CPU
	EndGlobalSection
	GlobalSection(SolutionProperties) = preSolution
		HideSolutionNode = FALSE
	EndGlobalSection
	GlobalSection(ExtensibilityGlobals) = postSolution
		SolutionGuid = {4D6BB0DE-A69E-4B58-A7D0-D9C6FA2216F6}
	EndGlobalSection
EndGlobal
